
Microsoft Visual Studio Solution File, Format Version 12.00
# Visual Studio Version 17
VisualStudioVersion = 17.8.34511.84
MinimumVisualStudioVersion = 10.0.40219.1
Project("{FAE04EC0-301F-11D3-BF4B-00C04F79EFBC}") = "api", "api\api.csproj", "{3636DC9A-48AE-4FBA-8632-5B34800FD820}"
EndProject
Global
	GlobalSection(SolutionConfigurationPlatforms) = preSolution
		Debug|Any CPU = Debug|Any CPU
		Release|Any CPU = Release|Any CPU
	EndGlobalSection
	GlobalSection(ProjectConfigurationPlatforms) = postSolution
		{3636DC9A-48AE-4FBA-8632-5B34800FD820}.Debug|Any CPU.ActiveCfg = Debug|Any CPU
		{3636DC9A-48AE-4FBA-8632-5B34800FD820}.Debug|Any CPU.Build.0 = Debug|Any CPU
		{3636DC9A-48AE-4FBA-8632-5B34800FD820}.Release|Any CPU.ActiveCfg = Release|Any CPU
		{3636DC9A-48AE-4FBA-8632-5B34800FD820}.Release|Any CPU.Build.0 = Release|Any CPU
	EndGlobalSection
	GlobalSection(SolutionProperties) = preSolution
		HideSolutionNode = FALSE
	EndGlobalSection
	GlobalSection(ExtensibilityGlobals) = postSolution
		SolutionGuid = {85602F19-11FD-45D0-83CC-9301C548A6D2}
	EndGlobalSection
EndGlobal
